
Microsoft Visual Studio Solution File, Format Version 12.00
# Visual Studio 2013
VisualStudioVersion = 12.0.21005.1
MinimumVisualStudioVersion = 10.0.40219.1
Project("{FAE04EC0-301F-11D3-BF4B-00C04F79EFBC}") = "CustomerManagement.Shared.MT", "..\..\CustomerManagement.Shared\CustomerManagement.Shared.MT.csproj", "{9B58BC90-0C84-498D-A854-ABC634FD8351}"
EndProject
Project("{FAE04EC0-301F-11D3-BF4B-00C04F79EFBC}") = "CustomerManagement.MT", "..\CustomerManagement\CustomerManagement.MT.csproj", "{77C8BF6C-FD60-4323-A133-DF2E6CD4A5B3}"
EndProject
Project("{2150E333-8FDC-42A3-9474-1A3956D46DE8}") = "Framework", "Framework", "{E17E8F72-4627-41FE-AAB8-8FCE04B7BF56}"
EndProject
Project("{FAE04EC0-301F-11D3-BF4B-00C04F79EFBC}") = "CustomerManagement.Touch", "CustomerManagement.Touch.csproj", "{F9099EA2-92A9-4431-AA37-782E08422549}"
EndProject
Project("{FAE04EC0-301F-11D3-BF4B-00C04F79EFBC}") = "MonoCross.Navigation", "..\..\MonoCross\MonoCross.Navigation\MonoCross.Navigation.csproj", "{4618CCFC-5895-4C44-AD25-8BF312A96B86}"
EndProject
Project("{FAE04EC0-301F-11D3-BF4B-00C04F79EFBC}") = "MonoCross.Touch", "..\..\MonoCross\MonoCross.Touch\MonoCross.Touch.csproj", "{4F743690-64BD-4B1F-BD75-872C910A94E2}"
EndProject
Global
	GlobalSection(SolutionConfigurationPlatforms) = preSolution
		AdHoc|Any CPU = AdHoc|Any CPU
		AdHoc|iPhone = AdHoc|iPhone
		AdHoc|iPhoneSimulator = AdHoc|iPhoneSimulator
		AdHoc|Mixed Platforms = AdHoc|Mixed Platforms
		AppStore|Any CPU = AppStore|Any CPU
		AppStore|iPhone = AppStore|iPhone
		AppStore|iPhoneSimulator = AppStore|iPhoneSimulator
		AppStore|Mixed Platforms = AppStore|Mixed Platforms
		Debug|Any CPU = Debug|Any CPU
		Debug|iPhone = Debug|iPhone
		Debug|iPhoneSimulator = Debug|iPhoneSimulator
		Debug|Mixed Platforms = Debug|Mixed Platforms
		Release|Any CPU = Release|Any CPU
		Release|iPhone = Release|iPhone
		Release|iPhoneSimulator = Release|iPhoneSimulator
		Release|Mixed Platforms = Release|Mixed Platforms
	EndGlobalSection
	GlobalSection(ProjectConfigurationPlatforms) = postSolution
		{9B58BC90-0C84-498D-A854-ABC634FD8351}.AdHoc|Any CPU.ActiveCfg = Debug|iPhoneSimulator
		{9B58BC90-0C84-498D-A854-ABC634FD8351}.AdHoc|iPhone.ActiveCfg = Release|iPhone
		{9B58BC90-0C84-498D-A854-ABC634FD8351}.AdHoc|iPhone.Build.0 = Release|iPhone
		{9B58BC90-0C84-498D-A854-ABC634FD8351}.AdHoc|iPhoneSimulator.ActiveCfg = Release|iPhoneSimulator
		{9B58BC90-0C84-498D-A854-ABC634FD8351}.AdHoc|iPhoneSimulator.Build.0 = Release|iPhoneSimulator
		{9B58BC90-0C84-498D-A854-ABC634FD8351}.AdHoc|Mixed Platforms.ActiveCfg = Debug|iPhoneSimulator
		{9B58BC90-0C84-498D-A854-ABC634FD8351}.AdHoc|Mixed Platforms.Build.0 = Debug|iPhoneSimulator
		{9B58BC90-0C84-498D-A854-ABC634FD8351}.AppStore|Any CPU.ActiveCfg = Debug|iPhoneSimulator
		{9B58BC90-0C84-498D-A854-ABC634FD8351}.AppStore|iPhone.ActiveCfg = Release|iPhone
		{9B58BC90-0C84-498D-A854-ABC634FD8351}.AppStore|iPhone.Build.0 = Release|iPhone
		{9B58BC90-0C84-498D-A854-ABC634FD8351}.AppStore|iPhoneSimulator.ActiveCfg = Release|iPhoneSimulator
		{9B58BC90-0C84-498D-A854-ABC634FD8351}.AppStore|iPhoneSimulator.Build.0 = Release|iPhoneSimulator
		{9B58BC90-0C84-498D-A854-ABC634FD8351}.AppStore|Mixed Platforms.ActiveCfg = Debug|iPhoneSimulator
		{9B58BC90-0C84-498D-A854-ABC634FD8351}.AppStore|Mixed Platforms.Build.0 = Debug|iPhoneSimulator
		{9B58BC90-0C84-498D-A854-ABC634FD8351}.Debug|Any CPU.ActiveCfg = Debug|iPhoneSimulator
		{9B58BC90-0C84-498D-A854-ABC634FD8351}.Debug|iPhone.ActiveCfg = Debug|iPhone
		{9B58BC90-0C84-498D-A854-ABC634FD8351}.Debug|iPhone.Build.0 = Debug|iPhone
		{9B58BC90-0C84-498D-A854-ABC634FD8351}.Debug|iPhoneSimulator.ActiveCfg = Debug|iPhoneSimulator
		{9B58BC90-0C84-498D-A854-ABC634FD8351}.Debug|iPhoneSimulator.Build.0 = Debug|iPhoneSimulator
		{9B58BC90-0C84-498D-A854-ABC634FD8351}.Debug|Mixed Platforms.ActiveCfg = Debug|iPhoneSimulator
		{9B58BC90-0C84-498D-A854-ABC634FD8351}.Debug|Mixed Platforms.Build.0 = Debug|iPhoneSimulator
		{9B58BC90-0C84-498D-A854-ABC634FD8351}.Release|Any CPU.ActiveCfg = Release|iPhoneSimulator
		{9B58BC90-0C84-498D-A854-ABC634FD8351}.Release|iPhone.ActiveCfg = Release|iPhone
		{9B58BC90-0C84-498D-A854-ABC634FD8351}.Release|iPhone.Build.0 = Release|iPhone
		{9B58BC90-0C84-498D-A854-ABC634FD8351}.Release|iPhoneSimulator.ActiveCfg = Release|iPhoneSimulator
		{9B58BC90-0C84-498D-A854-ABC634FD8351}.Release|iPhoneSimulator.Build.0 = Release|iPhoneSimulator
		{9B58BC90-0C84-498D-A854-ABC634FD8351}.Release|Mixed Platforms.ActiveCfg = Release|iPhoneSimulator
		{9B58BC90-0C84-498D-A854-ABC634FD8351}.Release|Mixed Platforms.Build.0 = Release|iPhoneSimulator
		{77C8BF6C-FD60-4323-A133-DF2E6CD4A5B3}.AdHoc|Any CPU.ActiveCfg = Debug|iPhoneSimulator
		{77C8BF6C-FD60-4323-A133-DF2E6CD4A5B3}.AdHoc|iPhone.ActiveCfg = Release|iPhone
		{77C8BF6C-FD60-4323-A133-DF2E6CD4A5B3}.AdHoc|iPhone.Build.0 = Release|iPhone
		{77C8BF6C-FD60-4323-A133-DF2E6CD4A5B3}.AdHoc|iPhoneSimulator.ActiveCfg = Release|iPhoneSimulator
		{77C8BF6C-FD60-4323-A133-DF2E6CD4A5B3}.AdHoc|iPhoneSimulator.Build.0 = Release|iPhoneSimulator
		{77C8BF6C-FD60-4323-A133-DF2E6CD4A5B3}.AdHoc|Mixed Platforms.ActiveCfg = Debug|iPhoneSimulator
		{77C8BF6C-FD60-4323-A133-DF2E6CD4A5B3}.AdHoc|Mixed Platforms.Build.0 = Debug|iPhoneSimulator
		{77C8BF6C-FD60-4323-A133-DF2E6CD4A5B3}.AppStore|Any CPU.ActiveCfg = Debug|iPhoneSimulator
		{77C8BF6C-FD60-4323-A133-DF2E6CD4A5B3}.AppStore|iPhone.ActiveCfg = Release|iPhone
		{77C8BF6C-FD60-4323-A133-DF2E6CD4A5B3}.AppStore|iPhone.Build.0 = Release|iPhone
		{77C8BF6C-FD60-4323-A133-DF2E6CD4A5B3}.AppStore|iPhoneSimulator.ActiveCfg = Release|iPhoneSimulator
		{77C8BF6C-FD60-4323-A133-DF2E6CD4A5B3}.AppStore|iPhoneSimulator.Build.0 = Release|iPhoneSimulator
		{77C8BF6C-FD60-4323-A133-DF2E6CD4A5B3}.AppStore|Mixed Platforms.ActiveCfg = Debug|iPhoneSimulator
		{77C8BF6C-FD60-4323-A133-DF2E6CD4A5B3}.AppStore|Mixed Platforms.Build.0 = Debug|iPhoneSimulator
		{77C8BF6C-FD60-4323-A133-DF2E6CD4A5B3}.Debug|Any CPU.ActiveCfg = Debug|iPhoneSimulator
		{77C8BF6C-FD60-4323-A133-DF2E6CD4A5B3}.Debug|iPhone.ActiveCfg = Debug|iPhone
		{77C8BF6C-FD60-4323-A133-DF2E6CD4A5B3}.Debug|iPhone.Build.0 = Debug|iPhone
		{77C8BF6C-FD60-4323-A133-DF2E6CD4A5B3}.Debug|iPhoneSimulator.ActiveCfg = Debug|iPhoneSimulator
		{77C8BF6C-FD60-4323-A133-DF2E6CD4A5B3}.Debug|iPhoneSimulator.Build.0 = Debug|iPhoneSimulator
		{77C8BF6C-FD60-4323-A133-DF2E6CD4A5B3}.Debug|Mixed Platforms.ActiveCfg = Debug|iPhoneSimulator
		{77C8BF6C-FD60-4323-A133-DF2E6CD4A5B3}.Debug|Mixed Platforms.Build.0 = Debug|iPhoneSimulator
		{77C8BF6C-FD60-4323-A133-DF2E6CD4A5B3}.Release|Any CPU.ActiveCfg = Release|iPhoneSimulator
		{77C8BF6C-FD60-4323-A133-DF2E6CD4A5B3}.Release|iPhone.ActiveCfg = Release|iPhone
		{77C8BF6C-FD60-4323-A133-DF2E6CD4A5B3}.Release|iPhone.Build.0 = Release|iPhone
		{77C8BF6C-FD60-4323-A133-DF2E6CD4A5B3}.Release|iPhoneSimulator.ActiveCfg = Release|iPhoneSimulator
		{77C8BF6C-FD60-4323-A133-DF2E6CD4A5B3}.Release|iPhoneSimulator.Build.0 = Release|iPhoneSimulator
		{77C8BF6C-FD60-4323-A133-DF2E6CD4A5B3}.Release|Mixed Platforms.ActiveCfg = Release|iPhoneSimulator
		{77C8BF6C-FD60-4323-A133-DF2E6CD4A5B3}.Release|Mixed Platforms.Build.0 = Release|iPhoneSimulator
		{F9099EA2-92A9-4431-AA37-782E08422549}.AdHoc|Any CPU.ActiveCfg = Release|iPhoneSimulator
		{F9099EA2-92A9-4431-AA37-782E08422549}.AdHoc|iPhone.ActiveCfg = Debug|iPhone
		{F9099EA2-92A9-4431-AA37-782E08422549}.AdHoc|iPhone.Build.0 = Debug|iPhone
		{F9099EA2-92A9-4431-AA37-782E08422549}.AdHoc|iPhoneSimulator.ActiveCfg = Debug|iPhoneSimulator
		{F9099EA2-92A9-4431-AA37-782E08422549}.AdHoc|iPhoneSimulator.Build.0 = Debug|iPhoneSimulator
		{F9099EA2-92A9-4431-AA37-782E08422549}.AdHoc|Mixed Platforms.ActiveCfg = Release|iPhoneSimulator
		{F9099EA2-92A9-4431-AA37-782E08422549}.AdHoc|Mixed Platforms.Build.0 = Release|iPhoneSimulator
		{F9099EA2-92A9-4431-AA37-782E08422549}.AdHoc|Mixed Platforms.Deploy.0 = Release|iPhoneSimulator
		{F9099EA2-92A9-4431-AA37-782E08422549}.AppStore|Any CPU.ActiveCfg = Release|iPhoneSimulator
		{F9099EA2-92A9-4431-AA37-782E08422549}.AppStore|iPhone.ActiveCfg = Debug|iPhone
		{F9099EA2-92A9-4431-AA37-782E08422549}.AppStore|iPhone.Build.0 = Debug|iPhone
		{F9099EA2-92A9-4431-AA37-782E08422549}.AppStore|iPhoneSimulator.ActiveCfg = Debug|iPhoneSimulator
		{F9099EA2-92A9-4431-AA37-782E08422549}.AppStore|iPhoneSimulator.Build.0 = Debug|iPhoneSimulator
		{F9099EA2-92A9-4431-AA37-782E08422549}.AppStore|Mixed Platforms.ActiveCfg = Release|iPhoneSimulator
		{F9099EA2-92A9-4431-AA37-782E08422549}.AppStore|Mixed Platforms.Build.0 = Release|iPhoneSimulator
		{F9099EA2-92A9-4431-AA37-782E08422549}.AppStore|Mixed Platforms.Deploy.0 = Release|iPhoneSimulator
		{F9099EA2-92A9-4431-AA37-782E08422549}.Debug|Any CPU.ActiveCfg = Debug|iPhoneSimulator
		{F9099EA2-92A9-4431-AA37-782E08422549}.Debug|iPhone.ActiveCfg = Debug|iPhone
		{F9099EA2-92A9-4431-AA37-782E08422549}.Debug|iPhone.Build.0 = Debug|iPhone
		{F9099EA2-92A9-4431-AA37-782E08422549}.Debug|iPhoneSimulator.ActiveCfg = Debug|iPhoneSimulator
		{F9099EA2-92A9-4431-AA37-782E08422549}.Debug|iPhoneSimulator.Build.0 = Debug|iPhoneSimulator
		{F9099EA2-92A9-4431-AA37-782E08422549}.Debug|iPhoneSimulator.Deploy.0 = Debug|iPhoneSimulator
		{F9099EA2-92A9-4431-AA37-782E08422549}.Debug|Mixed Platforms.ActiveCfg = Debug|iPhoneSimulator
		{F9099EA2-92A9-4431-AA37-782E08422549}.Debug|Mixed Platforms.Build.0 = Debug|iPhoneSimulator
		{F9099EA2-92A9-4431-AA37-782E08422549}.Debug|Mixed Platforms.Deploy.0 = Debug|iPhoneSimulator
		{F9099EA2-92A9-4431-AA37-782E08422549}.Release|Any CPU.ActiveCfg = Release|iPhoneSimulator
		{F9099EA2-92A9-4431-AA37-782E08422549}.Release|iPhone.ActiveCfg = Release|iPhone
		{F9099EA2-92A9-4431-AA37-782E08422549}.Release|iPhone.Build.0 = Release|iPhone
		{F9099EA2-92A9-4431-AA37-782E08422549}.Release|iPhoneSimulator.ActiveCfg = Release|iPhoneSimulator
		{F9099EA2-92A9-4431-AA37-782E08422549}.Release|iPhoneSimulator.Build.0 = Release|iPhoneSimulator
		{F9099EA2-92A9-4431-AA37-782E08422549}.Release|Mixed Platforms.ActiveCfg = Release|iPhoneSimulator
		{F9099EA2-92A9-4431-AA37-782E08422549}.Release|Mixed Platforms.Build.0 = Release|iPhoneSimulator
		{F9099EA2-92A9-4431-AA37-782E08422549}.Release|Mixed Platforms.Deploy.0 = Release|iPhoneSimulator
		{4618CCFC-5895-4C44-AD25-8BF312A96B86}.AdHoc|Any CPU.ActiveCfg = Release|Any CPU
		{4618CCFC-5895-4C44-AD25-8BF312A96B86}.AdHoc|Any CPU.Build.0 = Release|Any CPU
		{4618CCFC-5895-4C44-AD25-8BF312A96B86}.AdHoc|iPhone.ActiveCfg = Release|Any CPU
		{4618CCFC-5895-4C44-AD25-8BF312A96B86}.AdHoc|iPhoneSimulator.ActiveCfg = Release|Any CPU
		{4618CCFC-5895-4C44-AD25-8BF312A96B86}.AdHoc|Mixed Platforms.ActiveCfg = Release|Any CPU
		{4618CCFC-5895-4C44-AD25-8BF312A96B86}.AdHoc|Mixed Platforms.Build.0 = Release|Any CPU
		{4618CCFC-5895-4C44-AD25-8BF312A96B86}.AppStore|Any CPU.ActiveCfg = Release|Any CPU
		{4618CCFC-5895-4C44-AD25-8BF312A96B86}.AppStore|Any CPU.Build.0 = Release|Any CPU
		{4618CCFC-5895-4C44-AD25-8BF312A96B86}.AppStore|iPhone.ActiveCfg = Release|Any CPU
		{4618CCFC-5895-4C44-AD25-8BF312A96B86}.AppStore|iPhoneSimulator.ActiveCfg = Release|Any CPU
		{4618CCFC-5895-4C44-AD25-8BF312A96B86}.AppStore|Mixed Platforms.ActiveCfg = Release|Any CPU
		{4618CCFC-5895-4C44-AD25-8BF312A96B86}.AppStore|Mixed Platforms.Build.0 = Release|Any CPU
		{4618CCFC-5895-4C44-AD25-8BF312A96B86}.Debug|Any CPU.ActiveCfg = Debug|Any CPU
		{4618CCFC-5895-4C44-AD25-8BF312A96B86}.Debug|Any CPU.Build.0 = Debug|Any CPU
		{4618CCFC-5895-4C44-AD25-8BF312A96B86}.Debug|iPhone.ActiveCfg = Debug|Any CPU
		{4618CCFC-5895-4C44-AD25-8BF312A96B86}.Debug|iPhoneSimulator.ActiveCfg = Debug|Any CPU
		{4618CCFC-5895-4C44-AD25-8BF312A96B86}.Debug|Mixed Platforms.ActiveCfg = Debug|Any CPU
		{4618CCFC-5895-4C44-AD25-8BF312A96B86}.Debug|Mixed Platforms.Build.0 = Debug|Any CPU
		{4618CCFC-5895-4C44-AD25-8BF312A96B86}.Release|Any CPU.ActiveCfg = Release|Any CPU
		{4618CCFC-5895-4C44-AD25-8BF312A96B86}.Release|Any CPU.Build.0 = Release|Any CPU
		{4618CCFC-5895-4C44-AD25-8BF312A96B86}.Release|iPhone.ActiveCfg = Release|Any CPU
		{4618CCFC-5895-4C44-AD25-8BF312A96B86}.Release|iPhoneSimulator.ActiveCfg = Release|Any CPU
		{4618CCFC-5895-4C44-AD25-8BF312A96B86}.Release|Mixed Platforms.ActiveCfg = Release|Any CPU
		{4618CCFC-5895-4C44-AD25-8BF312A96B86}.Release|Mixed Platforms.Build.0 = Release|Any CPU
		{4F743690-64BD-4B1F-BD75-872C910A94E2}.AdHoc|Any CPU.ActiveCfg = Release|iPhone
		{4F743690-64BD-4B1F-BD75-872C910A94E2}.AdHoc|iPhone.ActiveCfg = Release|iPhone
		{4F743690-64BD-4B1F-BD75-872C910A94E2}.AdHoc|iPhone.Build.0 = Release|iPhone
		{4F743690-64BD-4B1F-BD75-872C910A94E2}.AdHoc|iPhoneSimulator.ActiveCfg = Release|iPhoneSimulator
		{4F743690-64BD-4B1F-BD75-872C910A94E2}.AdHoc|iPhoneSimulator.Build.0 = Release|iPhoneSimulator
		{4F743690-64BD-4B1F-BD75-872C910A94E2}.AdHoc|Mixed Platforms.ActiveCfg = Release|iPhone
		{4F743690-64BD-4B1F-BD75-872C910A94E2}.AdHoc|Mixed Platforms.Build.0 = Release|iPhone
		{4F743690-64BD-4B1F-BD75-872C910A94E2}.AppStore|Any CPU.ActiveCfg = Release|iPhone
		{4F743690-64BD-4B1F-BD75-872C910A94E2}.AppStore|iPhone.ActiveCfg = Release|iPhone
		{4F743690-64BD-4B1F-BD75-872C910A94E2}.AppStore|iPhone.Build.0 = Release|iPhone
		{4F743690-64BD-4B1F-BD75-872C910A94E2}.AppStore|iPhoneSimulator.ActiveCfg = Release|iPhoneSimulator
		{4F743690-64BD-4B1F-BD75-872C910A94E2}.AppStore|iPhoneSimulator.Build.0 = Release|iPhoneSimulator
		{4F743690-64BD-4B1F-BD75-872C910A94E2}.AppStore|Mixed Platforms.ActiveCfg = Release|iPhone
		{4F743690-64BD-4B1F-BD75-872C910A94E2}.AppStore|Mixed Platforms.Build.0 = Release|iPhone
		{4F743690-64BD-4B1F-BD75-872C910A94E2}.Debug|Any CPU.ActiveCfg = Debug|iPhone
		{4F743690-64BD-4B1F-BD75-872C910A94E2}.Debug|iPhone.ActiveCfg = Debug|iPhone
		{4F743690-64BD-4B1F-BD75-872C910A94E2}.Debug|iPhone.Build.0 = Debug|iPhone
		{4F743690-64BD-4B1F-BD75-872C910A94E2}.Debug|iPhoneSimulator.ActiveCfg = Debug|iPhoneSimulator
		{4F743690-64BD-4B1F-BD75-872C910A94E2}.Debug|iPhoneSimulator.Build.0 = Debug|iPhoneSimulator
		{4F743690-64BD-4B1F-BD75-872C910A94E2}.Debug|Mixed Platforms.ActiveCfg = Debug|iPhone
		{4F743690-64BD-4B1F-BD75-872C910A94E2}.Debug|Mixed Platforms.Build.0 = Debug|iPhone
		{4F743690-64BD-4B1F-BD75-872C910A94E2}.Release|Any CPU.ActiveCfg = Release|iPhone
		{4F743690-64BD-4B1F-BD75-872C910A94E2}.Release|iPhone.ActiveCfg = Release|iPhone
		{4F743690-64BD-4B1F-BD75-872C910A94E2}.Release|iPhone.Build.0 = Release|iPhone
		{4F743690-64BD-4B1F-BD75-872C910A94E2}.Release|iPhoneSimulator.ActiveCfg = Release|iPhoneSimulator
		{4F743690-64BD-4B1F-BD75-872C910A94E2}.Release|iPhoneSimulator.Build.0 = Release|iPhoneSimulator
		{4F743690-64BD-4B1F-BD75-872C910A94E2}.Release|Mixed Platforms.ActiveCfg = Release|iPhone
		{4F743690-64BD-4B1F-BD75-872C910A94E2}.Release|Mixed Platforms.Build.0 = Release|iPhone
	EndGlobalSection
	GlobalSection(SolutionProperties) = preSolution
		HideSolutionNode = FALSE
	EndGlobalSection
	GlobalSection(NestedProjects) = preSolution
		{4618CCFC-5895-4C44-AD25-8BF312A96B86} = {E17E8F72-4627-41FE-AAB8-8FCE04B7BF56}
		{4F743690-64BD-4B1F-BD75-872C910A94E2} = {E17E8F72-4627-41FE-AAB8-8FCE04B7BF56}
	EndGlobalSection
	GlobalSection(MonoDevelopProperties) = preSolution
		StartupItem = CustomerManagement.Touch.csproj
	EndGlobalSection
EndGlobal
